
Microsoft Visual Studio Solution File, Format Version 12.00
# Visual Studio Version 16
VisualStudioVersion = 16.0.31702.278
MinimumVisualStudioVersion = 10.0.40219.1
Project("{FAE04EC0-301F-11D3-BF4B-00C04F79EFBC}") = "UIWPF", "TestTaskRadtsevich\UIWPF.csproj", "{C375EA8F-B7B0-48D5-9081-9A1198451074}"
EndProject
Project("{FAE04EC0-301F-11D3-BF4B-00C04F79EFBC}") = "ModelTestTask", "ModelTestTask\ModelTestTask.csproj", "{1DC5B914-0C2B-4A30-A82E-EC40523B1FE0}"
EndProject
Project("{FAE04EC0-301F-11D3-BF4B-00C04F79EFBC}") = "ViewModelTestTask", "ViewModelTestTask\ViewModelTestTask.csproj", "{8C10F76F-E671-46DC-805A-85C18A5D5E8D}"
EndProject
Project("{FAE04EC0-301F-11D3-BF4B-00C04F79EFBC}") = "UnitTestModelProject", "UnitTestModelProject\UnitTestModelProject.csproj", "{80F670E7-72B3-4AC6-B931-E9533054E222}"
EndProject
Global
	GlobalSection(SolutionConfigurationPlatforms) = preSolution
		Debug|Any CPU = Debug|Any CPU
		Release|Any CPU = Release|Any CPU
	EndGlobalSection
	GlobalSection(ProjectConfigurationPlatforms) = postSolution
		{C375EA8F-B7B0-48D5-9081-9A1198451074}.Debug|Any CPU.ActiveCfg = Debug|Any CPU
		{C375EA8F-B7B0-48D5-9081-9A1198451074}.Debug|Any CPU.Build.0 = Debug|Any CPU
		{C375EA8F-B7B0-48D5-9081-9A1198451074}.Release|Any CPU.ActiveCfg = Release|Any CPU
		{C375EA8F-B7B0-48D5-9081-9A1198451074}.Release|Any CPU.Build.0 = Release|Any CPU
		{1DC5B914-0C2B-4A30-A82E-EC40523B1FE0}.Debug|Any CPU.ActiveCfg = Debug|Any CPU
		{1DC5B914-0C2B-4A30-A82E-EC40523B1FE0}.Debug|Any CPU.Build.0 = Debug|Any CPU
		{1DC5B914-0C2B-4A30-A82E-EC40523B1FE0}.Release|Any CPU.ActiveCfg = Release|Any CPU
		{1DC5B914-0C2B-4A30-A82E-EC40523B1FE0}.Release|Any CPU.Build.0 = Release|Any CPU
		{8C10F76F-E671-46DC-805A-85C18A5D5E8D}.Debug|Any CPU.ActiveCfg = Debug|Any CPU
		{8C10F76F-E671-46DC-805A-85C18A5D5E8D}.Debug|Any CPU.Build.0 = Debug|Any CPU
		{8C10F76F-E671-46DC-805A-85C18A5D5E8D}.Release|Any CPU.ActiveCfg = Release|Any CPU
		{8C10F76F-E671-46DC-805A-85C18A5D5E8D}.Release|Any CPU.Build.0 = Release|Any CPU
		{80F670E7-72B3-4AC6-B931-E9533054E222}.Debug|Any CPU.ActiveCfg = Debug|Any CPU
		{80F670E7-72B3-4AC6-B931-E9533054E222}.Debug|Any CPU.Build.0 = Debug|Any CPU
		{80F670E7-72B3-4AC6-B931-E9533054E222}.Release|Any CPU.ActiveCfg = Release|Any CPU
		{80F670E7-72B3-4AC6-B931-E9533054E222}.Release|Any CPU.Build.0 = Release|Any CPU
	EndGlobalSection
	GlobalSection(SolutionProperties) = preSolution
		HideSolutionNode = FALSE
	EndGlobalSection
	GlobalSection(ExtensibilityGlobals) = postSolution
		SolutionGuid = {C8B2CAF4-2EB6-446E-A9E6-3423352A4DF6}
	EndGlobalSection
EndGlobal
